
Microsoft Visual Studio Solution File, Format Version 12.00
# Visual Studio Version 16
VisualStudioVersion = 16.0.31025.194
MinimumVisualStudioVersion = 10.0.40219.1
Project("{FAE04EC0-301F-11D3-BF4B-00C04F79EFBC}") = "CheesyBorscht", "CheesyBorscht.csproj", "{9A33E85F-CBB7-430F-9966-BAF07A880FBB}"
EndProject
Global
	GlobalSection(SolutionConfigurationPlatforms) = preSolution
		Debug|Any CPU = Debug|Any CPU
		Release|Any CPU = Release|Any CPU
	EndGlobalSection
	GlobalSection(ProjectConfigurationPlatforms) = postSolution
		{9A33E85F-CBB7-430F-9966-BAF07A880FBB}.Debug|Any CPU.ActiveCfg = Debug|Any CPU
		{9A33E85F-CBB7-430F-9966-BAF07A880FBB}.Debug|Any CPU.Build.0 = Debug|Any CPU
		{9A33E85F-CBB7-430F-9966-BAF07A880FBB}.Release|Any CPU.ActiveCfg = Release|Any CPU
		{9A33E85F-CBB7-430F-9966-BAF07A880FBB}.Release|Any CPU.Build.0 = Release|Any CPU
	EndGlobalSection
	GlobalSection(SolutionProperties) = preSolution
		HideSolutionNode = FALSE
	EndGlobalSection
	GlobalSection(ExtensibilityGlobals) = postSolution
		SolutionGuid = {F4151F25-7904-48A9-9C52-71D493AA4C75}
	EndGlobalSection
EndGlobal
